// !$*UTF8*$!
{
	archiveVersion = 1;
	classes = {
	};
	objectVersion = 50;
	objects = {

/* Begin PBXBuildFile section */
		2772A67624BA335D004F85F9 /* AppDelegate.swift in Sources */ = {isa = PBXBuildFile; fileRef = 2772A67524BA335D004F85F9 /* AppDelegate.swift */; };
		2772A67824BA335D004F85F9 /* SceneDelegate.swift in Sources */ = {isa = PBXBuildFile; fileRef = 2772A67724BA335D004F85F9 /* SceneDelegate.swift */; };
		2772A67A24BA335D004F85F9 /* ViewController.swift in Sources */ = {isa = PBXBuildFile; fileRef = 2772A67924BA335D004F85F9 /* ViewController.swift */; };
		2772A67D24BA335D004F85F9 /* Main.storyboard in Resources */ = {isa = PBXBuildFile; fileRef = 2772A67B24BA335D004F85F9 /* Main.storyboard */; };
		2772A68024BA335D004F85F9 /* Travelobook.xcdatamodeld in Sources */ = {isa = PBXBuildFile; fileRef = 2772A67E24BA335D004F85F9 /* Travelobook.xcdatamodeld */; };
		2772A68224BA335F004F85F9 /* Assets.xcassets in Resources */ = {isa = PBXBuildFile; fileRef = 2772A68124BA335F004F85F9 /* Assets.xcassets */; };
		2772A68524BA335F004F85F9 /* LaunchScreen.storyboard in Resources */ = {isa = PBXBuildFile; fileRef = 2772A68324BA335F004F85F9 /* LaunchScreen.storyboard */; };
		2772A69024BA335F004F85F9 /* TravelobookTests.swift in Sources */ = {isa = PBXBuildFile; fileRef = 2772A68F24BA335F004F85F9 /* TravelobookTests.swift */; };
		2772A69B24BA335F004F85F9 /* TravelobookUITests.swift in Sources */ = {isa = PBXBuildFile; fileRef = 2772A69A24BA335F004F85F9 /* TravelobookUITests.swift */; };
/* End PBXBuildFile section */

/* Begin PBXContainerItemProxy section */
		2772A68C24BA335F004F85F9 /* PBXContainerItemProxy */ = {
			isa = PBXContainerItemProxy;
			containerPortal = 2772A66A24BA335D004F85F9 /* Project object */;
			proxyType = 1;
			remoteGlobalIDString = 2772A67124BA335D004F85F9;
			remoteInfo = Travelobook;
		};
		2772A69724BA335F004F85F9 /* PBXContainerItemProxy */ = {
			isa = PBXContainerItemProxy;
			containerPortal = 2772A66A24BA335D004F85F9 /* Project object */;
			proxyType = 1;
			remoteGlobalIDString = 2772A67124BA335D004F85F9;
			remoteInfo = Travelobook;
		};
/* End PBXContainerItemProxy section */

/* Begin PBXFileReference section */
		2772A67224BA335D004F85F9 /* Travelobook.app */ = {isa = PBXFileReference; explicitFileType = wrapper.application; includeInIndex = 0; path = Travelobook.app; sourceTree = BUILT_PRODUCTS_DIR; };
		2772A67524BA335D004F85F9 /* AppDelegate.swift */ = {isa = PBXFileReference; lastKnownFileType = sourcecode.swift; path = AppDelegate.swift; sourceTree = "<group>"; };
		2772A67724BA335D004F85F9 /* SceneDelegate.swift */ = {isa = PBXFileReference; lastKnownFileType = sourcecode.swift; path = SceneDelegate.swift; sourceTree = "<group>"; };
		2772A67924BA335D004F85F9 /* ViewController.swift */ = {isa = PBXFileReference; lastKnownFileType = sourcecode.swift; path = ViewController.swift; sourceTree = "<group>"; };
		2772A67C24BA335D004F85F9 /* Base */ = {isa = PBXFileReference; lastKnownFileType = file.storyboard; name = Base; path = Base.lproj/Main.storyboard; sourceTree = "<group>"; };
		2772A67F24BA335D004F85F9 /* Travelobook.xcdatamodel */ = {isa = PBXFileReference; lastKnownFileType = wrapper.xcdatamodel; path = Travelobook.xcdatamodel; sourceTree = "<group>"; };
		2772A68124BA335F004F85F9 /* Assets.xcassets */ = {isa = PBXFileReference; lastKnownFileType = folder.assetcatalog; path = Assets.xcassets; sourceTree = "<group>"; };
		2772A68424BA335F004F85F9 /* Base */ = {isa = PBXFileReference; lastKnownFileType = file.storyboard; name = Base; path = Base.lproj/LaunchScreen.storyboard; sourceTree = "<group>"; };
		2772A68624BA335F004F85F9 /* Info.plist */ = {isa = PBXFileReference; lastKnownFileType = text.plist.xml; path = Info.plist; sourceTree = "<group>"; };
		2772A68B24BA335F004F85F9 /* TravelobookTests.xctest */ = {isa = PBXFileReference; explicitFileType = wrapper.cfbundle; includeInIndex = 0; path = TravelobookTests.xctest; sourceTree = BUILT_PRODUCTS_DIR; };
		2772A68F24BA335F004F85F9 /* TravelobookTests.swift */ = {isa = PBXFileReference; lastKnownFileType = sourcecode.swift; path = TravelobookTests.swift; sourceTree = "<group>"; };
		2772A69124BA335F004F85F9 /* Info.plist */ = {isa = PBXFileReference; lastKnownFileType = text.plist.xml; path = Info.plist; sourceTree = "<group>"; };
		2772A69624BA335F004F85F9 /* TravelobookUITests.xctest */ = {isa = PBXFileReference; explicitFileType = wrapper.cfbundle; includeInIndex = 0; path = TravelobookUITests.xctest; sourceTree = BUILT_PRODUCTS_DIR; };
		2772A69A24BA335F004F85F9 /* TravelobookUITests.swift */ = {isa = PBXFileReference; lastKnownFileType = sourcecode.swift; path = TravelobookUITests.swift; sourceTree = "<group>"; };
		2772A69C24BA335F004F85F9 /* Info.plist */ = {isa = PBXFileReference; lastKnownFileType = text.plist.xml; path = Info.plist; sourceTree = "<group>"; };
/* End PBXFileReference section */

/* Begin PBXFrameworksBuildPhase section */
		2772A66F24BA335D004F85F9 /* Frameworks */ = {
			isa = PBXFrameworksBuildPhase;
			buildActionMask = 2147483647;
			files = (
			);
			runOnlyForDeploymentPostprocessing = 0;
		};
		2772A68824BA335F004F85F9 /* Frameworks */ = {
			isa = PBXFrameworksBuildPhase;
			buildActionMask = 2147483647;
			files = (
			);
			runOnlyForDeploymentPostprocessing = 0;
		};
		2772A69324BA335F004F85F9 /* Frameworks */ = {
			isa = PBXFrameworksBuildPhase;
			buildActionMask = 2147483647;
			files = (
			);
			runOnlyForDeploymentPostprocessing = 0;
		};
/* End PBXFrameworksBuildPhase section */

/* Begin PBXGroup section */
		2772A66924BA335D004F85F9 = {
			isa = PBXGroup;
			children = (
				2772A67424BA335D004F85F9 /* Travelobook */,
				2772A68E24BA335F004F85F9 /* TravelobookTests */,
				2772A69924BA335F004F85F9 /* TravelobookUITests */,
				2772A67324BA335D004F85F9 /* Products */,
			);
			sourceTree = "<group>";
		};
		2772A67324BA335D004F85F9 /* Products */ = {
			isa = PBXGroup;
			children = (
				2772A67224BA335D004F85F9 /* Travelobook.app */,
				2772A68B24BA335F004F85F9 /* TravelobookTests.xctest */,
				2772A69624BA335F004F85F9 /* TravelobookUITests.xctest */,
			);
			name = Products;
			sourceTree = "<group>";
		};
		2772A67424BA335D004F85F9 /* Travelobook */ = {
			isa = PBXGroup;
			children = (
				2772A67524BA335D004F85F9 /* AppDelegate.swift */,
				2772A67724BA335D004F85F9 /* SceneDelegate.swift */,
				2772A67924BA335D004F85F9 /* ViewController.swift */,
				2772A67B24BA335D004F85F9 /* Main.storyboard */,
				2772A68124BA335F004F85F9 /* Assets.xcassets */,
				2772A68324BA335F004F85F9 /* LaunchScreen.storyboard */,
				2772A68624BA335F004F85F9 /* Info.plist */,
				2772A67E24BA335D004F85F9 /* Travelobook.xcdatamodeld */,
			);
			path = Travelobook;
			sourceTree = "<group>";
		};
		2772A68E24BA335F004F85F9 /* TravelobookTests */ = {
			isa = PBXGroup;
			children = (
				2772A68F24BA335F004F85F9 /* TravelobookTests.swift */,
				2772A69124BA335F004F85F9 /* Info.plist */,
			);
			path = TravelobookTests;
			sourceTree = "<group>";
		};
		2772A69924BA335F004F85F9 /* TravelobookUITests */ = {
			isa = PBXGroup;
			children = (
				2772A69A24BA335F004F85F9 /* TravelobookUITests.swift */,
				2772A69C24BA335F004F85F9 /* Info.plist */,
			);
			path = TravelobookUITests;
			sourceTree = "<group>";
		};
/* End PBXGroup section */

/* Begin PBXNativeTarget section */
		2772A67124BA335D004F85F9 /* Travelobook */ = {
			isa = PBXNativeTarget;
			buildConfigurationList = 2772A69F24BA335F004F85F9 /* Build configuration list for PBXNativeTarget "Travelobook" */;
			buildPhases = (
				2772A66E24BA335D004F85F9 /* Sources */,
				2772A66F24BA335D004F85F9 /* Frameworks */,
				2772A67024BA335D004F85F9 /* Resources */,
			);
			buildRules = (
			);
			dependencies = (
			);
			name = Travelobook;
			productName = Travelobook;
			productReference = 2772A67224BA335D004F85F9 /* Travelobook.app */;
			productType = "com.apple.product-type.application";
		};
		2772A68A24BA335F004F85F9 /* TravelobookTests */ = {
			isa = PBXNativeTarget;
			buildConfigurationList = 2772A6A224BA335F004F85F9 /* Build configuration list for PBXNativeTarget "TravelobookTests" */;
			buildPhases = (
				2772A68724BA335F004F85F9 /* Sources */,
				2772A68824BA335F004F85F9 /* Frameworks */,
				2772A68924BA335F004F85F9 /* Resources */,
			);
			buildRules = (
			);
			dependencies = (
				2772A68D24BA335F004F85F9 /* PBXTargetDependency */,
			);
			name = TravelobookTests;
			productName = TravelobookTests;
			productReference = 2772A68B24BA335F004F85F9 /* TravelobookTests.xctest */;
			productType = "com.apple.product-type.bundle.unit-test";
		};
		2772A69524BA335F004F85F9 /* TravelobookUITests */ = {
			isa = PBXNativeTarget;
			buildConfigurationList = 2772A6A524BA335F004F85F9 /* Build configuration list for PBXNativeTarget "TravelobookUITests" */;
			buildPhases = (
				2772A69224BA335F004F85F9 /* Sources */,
				2772A69324BA335F004F85F9 /* Frameworks */,
				2772A69424BA335F004F85F9 /* Resources */,
			);
			buildRules = (
			);
			dependencies = (
				2772A69824BA335F004F85F9 /* PBXTargetDependency */,
			);
			name = TravelobookUITests;
			productName = TravelobookUITests;
			productReference = 2772A69624BA335F004F85F9 /* TravelobookUITests.xctest */;
			productType = "com.apple.product-type.bundle.ui-testing";
		};
/* End PBXNativeTarget section */

/* Begin PBXProject section */
		2772A66A24BA335D004F85F9 /* Project object */ = {
			isa = PBXProject;
			attributes = {
				LastSwiftUpdateCheck = 1150;
				LastUpgradeCheck = 1150;
				ORGANIZATIONNAME = "Eren FAIKOGLU";
				TargetAttributes = {
					2772A67124BA335D004F85F9 = {
						CreatedOnToolsVersion = 11.5;
					};
					2772A68A24BA335F004F85F9 = {
						CreatedOnToolsVersion = 11.5;
						TestTargetID = 2772A67124BA335D004F85F9;
					};
					2772A69524BA335F004F85F9 = {
						CreatedOnToolsVersion = 11.5;
						TestTargetID = 2772A67124BA335D004F85F9;
					};
				};
			};
			buildConfigurationList = 2772A66D24BA335D004F85F9 /* Build configuration list for PBXProject "Travelobook" */;
			compatibilityVersion = "Xcode 9.3";
			developmentRegion = en;
			hasScannedForEncodings = 0;
			knownRegions = (
				en,
				Base,
			);
			mainGroup = 2772A66924BA335D004F85F9;
			productRefGroup = 2772A67324BA335D004F85F9 /* Products */;
			projectDirPath = "";
			projectRoot = "";
			targets = (
				2772A67124BA335D004F85F9 /* Travelobook */,
				2772A68A24BA335F004F85F9 /* TravelobookTests */,
				2772A69524BA335F004F85F9 /* TravelobookUITests */,
			);
		};
/* End PBXProject section */

/* Begin PBXResourcesBuildPhase section */
		2772A67024BA335D004F85F9 /* Resources */ = {
			isa = PBXResourcesBuildPhase;
			buildActionMask = 2147483647;
			files = (
				2772A68524BA335F004F85F9 /* LaunchScreen.storyboard in Resources */,
				2772A68224BA335F004F85F9 /* Assets.xcassets in Resources */,
				2772A67D24BA335D004F85F9 /* Main.storyboard in Resources */,
			);
			runOnlyForDeploymentPostprocessing = 0;
		};
		2772A68924BA335F004F85F9 /* Resources */ = {
			isa = PBXResourcesBuildPhase;
			buildActionMask = 2147483647;
			files = (
			);
			runOnlyForDeploymentPostprocessing = 0;
		};
		2772A69424BA335F004F85F9 /* Resources */ = {
			isa = PBXResourcesBuildPhase;
			buildActionMask = 2147483647;
			files = (
			);
			runOnlyForDeploymentPostprocessing = 0;
		};
/* End PBXResourcesBuildPhase section */

/* Begin PBXSourcesBuildPhase section */
		2772A66E24BA335D004F85F9 /* Sources */ = {
			isa = PBXSourcesBuildPhase;
			buildActionMask = 2147483647;
			files = (
				2772A68024BA335D004F85F9 /* Travelobook.xcdatamodeld in Sources */,
				2772A67A24BA335D004F85F9 /* ViewController.swift in Sources */,
				2772A67624BA335D004F85F9 /* AppDelegate.swift in Sources */,
				2772A67824BA335D004F85F9 /* SceneDelegate.swift in Sources */,
			);
			runOnlyForDeploymentPostprocessing = 0;
		};
		2772A68724BA335F004F85F9 /* Sources */ = {
			isa = PBXSourcesBuildPhase;
			buildActionMask = 2147483647;
			files = (
				2772A69024BA335F004F85F9 /* TravelobookTests.swift in Sources */,
			);
			runOnlyForDeploymentPostprocessing = 0;
		};
		2772A69224BA335F004F85F9 /* Sources */ = {
			isa = PBXSourcesBuildPhase;
			buildActionMask = 2147483647;
			files = (
				2772A69B24BA335F004F85F9 /* TravelobookUITests.swift in Sources */,
			);
			runOnlyForDeploymentPostprocessing = 0;
		};
/* End PBXSourcesBuildPhase section */

/* Begin PBXTargetDependency section */
		2772A68D24BA335F004F85F9 /* PBXTargetDependency */ = {
			isa = PBXTargetDependency;
			target = 2772A67124BA335D004F85F9 /* Travelobook */;
			targetProxy = 2772A68C24BA335F004F85F9 /* PBXContainerItemProxy */;
		};
		2772A69824BA335F004F85F9 /* PBXTargetDependency */ = {
			isa = PBXTargetDependency;
			target = 2772A67124BA335D004F85F9 /* Travelobook */;
			targetProxy = 2772A69724BA335F004F85F9 /* PBXContainerItemProxy */;
		};
/* End PBXTargetDependency section */

/* Begin PBXVariantGroup section */
		2772A67B24BA335D004F85F9 /* Main.storyboard */ = {
			isa = PBXVariantGroup;
			children = (
				2772A67C24BA335D004F85F9 /* Base */,
			);
			name = Main.storyboard;
			sourceTree = "<group>";
		};
		2772A68324BA335F004F85F9 /* LaunchScreen.storyboard */ = {
			isa = PBXVariantGroup;
			children = (
				2772A68424BA335F004F85F9 /* Base */,
			);
			name = LaunchScreen.storyboard;
			sourceTree = "<group>";
		};
/* End PBXVariantGroup section */

/* Begin XCBuildConfiguration section */
		2772A69D24BA335F004F85F9 /* Debug */ = {
			isa = XCBuildConfiguration;
			buildSettings = {
				ALWAYS_SEARCH_USER_PATHS = NO;
				CLANG_ANALYZER_NONNULL = YES;
				CLANG_ANALYZER_NUMBER_OBJECT_CONVERSION = YES_AGGRESSIVE;
				CLANG_CXX_LANGUAGE_STANDARD = "gnu++14";
				CLANG_CXX_LIBRARY = "libc++";
				CLANG_ENABLE_MODULES = YES;
				CLANG_ENABLE_OBJC_ARC = YES;
				CLANG_ENABLE_OBJC_WEAK = YES;
				CLANG_WARN_BLOCK_CAPTURE_AUTORELEASING = YES;
				CLANG_WARN_BOOL_CONVERSION = YES;
				CLANG_WARN_COMMA = YES;
				CLANG_WARN_CONSTANT_CONVERSION = YES;
				CLANG_WARN_DEPRECATED_OBJC_IMPLEMENTATIONS = YES;
				CLANG_WARN_DIRECT_OBJC_ISA_USAGE = YES_ERROR;
				CLANG_WARN_DOCUMENTATION_COMMENTS = YES;
				CLANG_WARN_EMPTY_BODY = YES;
				CLANG_WARN_ENUM_CONVERSION = YES;
				CLANG_WARN_INFINITE_RECURSION = YES;
				CLANG_WARN_INT_CONVERSION = YES;
				CLANG_WARN_NON_LITERAL_NULL_CONVERSION = YES;
				CLANG_WARN_OBJC_IMPLICIT_RETAIN_SELF = YES;
				CLANG_WARN_OBJC_LITERAL_CONVERSION = YES;
				CLANG_WARN_OBJC_ROOT_CLASS = YES_ERROR;
				CLANG_WARN_RANGE_LOOP_ANALYSIS = YES;
				CLANG_WARN_STRICT_PROTOTYPES = YES;
				CLANG_WARN_SUSPICIOUS_MOVE = YES;
				CLANG_WARN_UNGUARDED_AVAILABILITY = YES_AGGRESSIVE;
				CLANG_WARN_UNREACHABLE_CODE = YES;
				CLANG_WARN__DUPLICATE_METHOD_MATCH = YES;
				COPY_PHASE_STRIP = NO;
				DEBUG_INFORMATION_FORMAT = dwarf;
				ENABLE_STRICT_OBJC_MSGSEND = YES;
				ENABLE_TESTABILITY = YES;
				GCC_C_LANGUAGE_STANDARD = gnu11;
				GCC_DYNAMIC_NO_PIC = NO;
				GCC_NO_COMMON_BLOCKS = YES;
				GCC_OPTIMIZATION_LEVEL = 0;
				GCC_PREPROCESSOR_DEFINITIONS = (
					"DEBUG=1",
					"$(inherited)",
				);
				GCC_WARN_64_TO_32_BIT_CONVERSION = YES;
				GCC_WARN_ABOUT_RETURN_TYPE = YES_ERROR;
				GCC_WARN_UNDECLARED_SELECTOR = YES;
				GCC_WARN_UNINITIALIZED_AUTOS = YES_AGGRESSIVE;
				GCC_WARN_UNUSED_FUNCTION = YES;
				GCC_WARN_UNUSED_VARIABLE = YES;
				IPHONEOS_DEPLOYMENT_TARGET = 13.5;
				MTL_ENABLE_DEBUG_INFO = INCLUDE_SOURCE;
				MTL_FAST_MATH = YES;
				ONLY_ACTIVE_ARCH = YES;
				SDKROOT = iphoneos;
				SWIFT_ACTIVE_COMPILATION_CONDITIONS = DEBUG;
				SWIFT_OPTIMIZATION_LEVEL = "-Onone";
			};
			name = Debug;
		};
		2772A69E24BA335F004F85F9 /* Release */ = {
			isa = XCBuildConfiguration;
			buildSettings = {
				ALWAYS_SEARCH_USER_PATHS = NO;
				CLANG_ANALYZER_NONNULL = YES;
				CLANG_ANALYZER_NUMBER_OBJECT_CONVERSION = YES_AGGRESSIVE;
				CLANG_CXX_LANGUAGE_STANDARD = "gnu++14";
				CLANG_CXX_LIBRARY = "libc++";
				CLANG_ENABLE_MODULES = YES;
				CLANG_ENABLE_OBJC_ARC = YES;
				CLANG_ENABLE_OBJC_WEAK = YES;
				CLANG_WARN_BLOCK_CAPTURE_AUTORELEASING = YES;
				CLANG_WARN_BOOL_CONVERSION = YES;
				CLANG_WARN_COMMA = YES;
				CLANG_WARN_CONSTANT_CONVERSION = YES;
				CLANG_WARN_DEPRECATED_OBJC_IMPLEMENTATIONS = YES;
				CLANG_WARN_DIRECT_OBJC_ISA_USAGE = YES_ERROR;
				CLANG_WARN_DOCUMENTATION_COMMENTS = YES;
				CLANG_WARN_EMPTY_BODY = YES;
				CLANG_WARN_ENUM_CONVERSION = YES;
				CLANG_WARN_INFINITE_RECURSION = YES;
				CLANG_WARN_INT_CONVERSION = YES;
				CLANG_WARN_NON_LITERAL_NULL_CONVERSION = YES;
				CLANG_WARN_OBJC_IMPLICIT_RETAIN_SELF = YES;
				CLANG_WARN_OBJC_LITERAL_CONVERSION = YES;
				CLANG_WARN_OBJC_ROOT_CLASS = YES_ERROR;
				CLANG_WARN_RANGE_LOOP_ANALYSIS = YES;
				CLANG_WARN_STRICT_PROTOTYPES = YES;
				CLANG_WARN_SUSPICIOUS_MOVE = YES;
				CLANG_WARN_UNGUARDED_AVAILABILITY = YES_AGGRESSIVE;
				CLANG_WARN_UNREACHABLE_CODE = YES;
				CLANG_WARN__DUPLICATE_METHOD_MATCH = YES;
				COPY_PHASE_STRIP = NO;
				DEBUG_INFORMATION_FORMAT = "dwarf-with-dsym";
				ENABLE_NS_ASSERTIONS = NO;
				ENABLE_STRICT_OBJC_MSGSEND = YES;
				GCC_C_LANGUAGE_STANDARD = gnu11;
				GCC_NO_COMMON_BLOCKS = YES;
				GCC_WARN_64_TO_32_BIT_CONVERSION = YES;
				GCC_WARN_ABOUT_RETURN_TYPE = YES_ERROR;
				GCC_WARN_UNDECLARED_SELECTOR = YES;
				GCC_WARN_UNINITIALIZED_AUTOS = YES_AGGRESSIVE;
				GCC_WARN_UNUSED_FUNCTION = YES;
				GCC_WARN_UNUSED_VARIABLE = YES;
				IPHONEOS_DEPLOYMENT_TARGET = 13.5;
				MTL_ENABLE_DEBUG_INFO = NO;
				MTL_FAST_MATH = YES;
				SDKROOT = iphoneos;
				SWIFT_COMPILATION_MODE = wholemodule;
				SWIFT_OPTIMIZATION_LEVEL = "-O";
				VALIDATE_PRODUCT = YES;
			};
			name = Release;
		};
		2772A6A024BA335F004F85F9 /* Debug */ = {
			isa = XCBuildConfiguration;
			buildSettings = {
				ASSETCATALOG_COMPILER_APPICON_NAME = AppIcon;
				CODE_SIGN_STYLE = Automatic;
				DEVELOPMENT_TEAM = XYBAZLWA45;
				INFOPLIST_FILE = Travelobook/Info.plist;
				LD_RUNPATH_SEARCH_PATHS = (
					"$(inherited)",
					"@executable_path/Frameworks",
				);
				PRODUCT_BUNDLE_IDENTIFIER = net.Travelobook;
				PRODUCT_NAME = "$(TARGET_NAME)";
				SWIFT_VERSION = 5.0;
				TARGETED_DEVICE_FAMILY = "1,2";
			};
			name = Debug;
		};
		2772A6A124BA335F004F85F9 /* Release */ = {
			isa = XCBuildConfiguration;
			buildSettings = {
				ASSETCATALOG_COMPILER_APPICON_NAME = AppIcon;
				CODE_SIGN_STYLE = Automatic;
				DEVELOPMENT_TEAM = XYBAZLWA45;
				INFOPLIST_FILE = Travelobook/Info.plist;
				LD_RUNPATH_SEARCH_PATHS = (
					"$(inherited)",
					"@executable_path/Frameworks",
				);
				PRODUCT_BUNDLE_IDENTIFIER = net.Travelobook;
				PRODUCT_NAME = "$(TARGET_NAME)";
				SWIFT_VERSION = 5.0;
				TARGETED_DEVICE_FAMILY = "1,2";
			};
			name = Release;
		};
		2772A6A324BA335F004F85F9 /* Debug */ = {
			isa = XCBuildConfiguration;
			buildSettings = {
				ALWAYS_EMBED_SWIFT_STANDARD_LIBRARIES = YES;
				BUNDLE_LOADER = "$(TEST_HOST)";
				CODE_SIGN_STYLE = Automatic;
				DEVELOPMENT_TEAM = XYBAZLWA45;
				INFOPLIST_FILE = TravelobookTests/Info.plist;
				IPHONEOS_DEPLOYMENT_TARGET = 13.5;
				LD_RUNPATH_SEARCH_PATHS = (
					"$(inherited)",
					"@executable_path/Frameworks",
					"@loader_path/Frameworks",
				);
				PRODUCT_BUNDLE_IDENTIFIER = net.TravelobookTests;
				PRODUCT_NAME = "$(TARGET_NAME)";
				SWIFT_VERSION = 5.0;
				TARGETED_DEVICE_FAMILY = "1,2";
				TEST_HOST = "$(BUILT_PRODUCTS_DIR)/Travelobook.app/Travelobook";
			};
			name = Debug;
		};
		2772A6A424BA335F004F85F9 /* Release */ = {
			isa = XCBuildConfiguration;
			buildSettings = {
				ALWAYS_EMBED_SWIFT_STANDARD_LIBRARIES = YES;
				BUNDLE_LOADER = "$(TEST_HOST)";
				CODE_SIGN_STYLE = Automatic;
				DEVELOPMENT_TEAM = XYBAZLWA45;
				INFOPLIST_FILE = TravelobookTests/Info.plist;
				IPHONEOS_DEPLOYMENT_TARGET = 13.5;
				LD_RUNPATH_SEARCH_PATHS = (
					"$(inherited)",
					"@executable_path/Frameworks",
					"@loader_path/Frameworks",
				);
				PRODUCT_BUNDLE_IDENTIFIER = net.TravelobookTests;
				PRODUCT_NAME = "$(TARGET_NAME)";
				SWIFT_VERSION = 5.0;
				TARGETED_DEVICE_FAMILY = "1,2";
				TEST_HOST = "$(BUILT_PRODUCTS_DIR)/Travelobook.app/Travelobook";
			};
			name = Release;
		};
		2772A6A624BA335F004F85F9 /* Debug */ = {
			isa = XCBuildConfiguration;
			buildSettings = {
				ALWAYS_EMBED_SWIFT_STANDARD_LIBRARIES = YES;
				CODE_SIGN_STYLE = Automatic;
				DEVELOPMENT_TEAM = XYBAZLWA45;
				INFOPLIST_FILE = TravelobookUITests/Info.plist;
				LD_RUNPATH_SEARCH_PATHS = (
					"$(inherited)",
					"@executable_path/Frameworks",
					"@loader_path/Frameworks",
				);
				PRODUCT_BUNDLE_IDENTIFIER = net.TravelobookUITests;
				PRODUCT_NAME = "$(TARGET_NAME)";
				SWIFT_VERSION = 5.0;
				TARGETED_DEVICE_FAMILY = "1,2";
				TEST_TARGET_NAME = Travelobook;
			};
			name = Debug;
		};
		2772A6A724BA335F004F85F9 /* Release */ = {
			isa = XCBuildConfiguration;
			buildSettings = {
				ALWAYS_EMBED_SWIFT_STANDARD_LIBRARIES = YES;
				CODE_SIGN_STYLE = Automatic;
				DEVELOPMENT_TEAM = XYBAZLWA45;
				INFOPLIST_FILE = TravelobookUITests/Info.plist;
				LD_RUNPATH_SEARCH_PATHS = (
					"$(inherited)",
					"@executable_path/Frameworks",
					"@loader_path/Frameworks",
				);
				PRODUCT_BUNDLE_IDENTIFIER = net.TravelobookUITests;
				PRODUCT_NAME = "$(TARGET_NAME)";
				SWIFT_VERSION = 5.0;
				TARGETED_DEVICE_FAMILY = "1,2";
				TEST_TARGET_NAME = Travelobook;
			};
			name = Release;
		};
/* End XCBuildConfiguration section */

/* Begin XCConfigurationList section */
		2772A66D24BA335D004F85F9 /* Build configuration list for PBXProject "Travelobook" */ = {
			isa = XCConfigurationList;
			buildConfigurations = (
				2772A69D24BA335F004F85F9 /* Debug */,
				2772A69E24BA335F004F85F9 /* Release */,
			);
			defaultConfigurationIsVisible = 0;
			defaultConfigurationName = Release;
		};
		2772A69F24BA335F004F85F9 /* Build configuration list for PBXNativeTarget "Travelobook" */ = {
			isa = XCConfigurationList;
			buildConfigurations = (
				2772A6A024BA335F004F85F9 /* Debug */,
				2772A6A124BA335F004F85F9 /* Release */,
			);
			defaultConfigurationIsVisible = 0;
			defaultConfigurationName = Release;
		};
		2772A6A224BA335F004F85F9 /* Build configuration list for PBXNativeTarget "TravelobookTests" */ = {
			isa = XCConfigurationList;
			buildConfigurations = (
				2772A6A324BA335F004F85F9 /* Debug */,
				2772A6A424BA335F004F85F9 /* Release */,
			);
			defaultConfigurationIsVisible = 0;
			defaultConfigurationName = Release;
		};
		2772A6A524BA335F004F85F9 /* Build configuration list for PBXNativeTarget "TravelobookUITests" */ = {
			isa = XCConfigurationList;
			buildConfigurations = (
				2772A6A624BA335F004F85F9 /* Debug */,
				2772A6A724BA335F004F85F9 /* Release */,
			);
			defaultConfigurationIsVisible = 0;
			defaultConfigurationName = Release;
		};
/* End XCConfigurationList section */

/* Begin XCVersionGroup section */
		2772A67E24BA335D004F85F9 /* Travelobook.xcdatamodeld */ = {
			isa = XCVersionGroup;
			children = (
				2772A67F24BA335D004F85F9 /* Travelobook.xcdatamodel */,
			);
			currentVersion = 2772A67F24BA335D004F85F9 /* Travelobook.xcdatamodel */;
			path = Travelobook.xcdatamodeld;
			sourceTree = "<group>";
			versionGroupType = wrapper.xcdatamodel;
		};
/* End XCVersionGroup section */
	};
	rootObject = 2772A66A24BA335D004F85F9 /* Project object */;
}
